// !$*UTF8*$!
{
	archiveVersion = 1;
	classes = {
	};
	objectVersion = 50;
	objects = {

/* Begin PBXBuildFile section */
		6E1E0C462407CCAF004CF805 /* SearchResult.swift in Sources */ = {isa = PBXBuildFile; fileRef = 6E1E0C452407CCAF004CF805 /* SearchResult.swift */; };
		6E1E0C482407D6CF004CF805 /* SearchResultCell.xib in Resources */ = {isa = PBXBuildFile; fileRef = 6E1E0C472407D6CF004CF805 /* SearchResultCell.xib */; };
		6E1E0C4A2407E1A2004CF805 /* SearchResultCell.swift in Sources */ = {isa = PBXBuildFile; fileRef = 6E1E0C492407E1A2004CF805 /* SearchResultCell.swift */; };
		6EAF29822406C37A00F8F858 /* AppDelegate.swift in Sources */ = {isa = PBXBuildFile; fileRef = 6EAF29812406C37A00F8F858 /* AppDelegate.swift */; };
		6EAF29842406C37A00F8F858 /* SceneDelegate.swift in Sources */ = {isa = PBXBuildFile; fileRef = 6EAF29832406C37A00F8F858 /* SceneDelegate.swift */; };
		6EAF29862406C37A00F8F858 /* SearchViewController.swift in Sources */ = {isa = PBXBuildFile; fileRef = 6EAF29852406C37A00F8F858 /* SearchViewController.swift */; };
		6EAF29892406C37A00F8F858 /* Main.storyboard in Resources */ = {isa = PBXBuildFile; fileRef = 6EAF29872406C37A00F8F858 /* Main.storyboard */; };
		6EAF298B2406C37B00F8F858 /* Assets.xcassets in Resources */ = {isa = PBXBuildFile; fileRef = 6EAF298A2406C37B00F8F858 /* Assets.xcassets */; };
		6EAF298E2406C37B00F8F858 /* LaunchScreen.storyboard in Resources */ = {isa = PBXBuildFile; fileRef = 6EAF298C2406C37B00F8F858 /* LaunchScreen.storyboard */; };
		6EF21E95240813DD00974333 /* NothingFoundCell.xib in Resources */ = {isa = PBXBuildFile; fileRef = 6EF21E94240813DD00974333 /* NothingFoundCell.xib */; };
/* End PBXBuildFile section */

/* Begin PBXFileReference section */
		6E1E0C452407CCAF004CF805 /* SearchResult.swift */ = {isa = PBXFileReference; lastKnownFileType = sourcecode.swift; path = SearchResult.swift; sourceTree = "<group>"; };
		6E1E0C472407D6CF004CF805 /* SearchResultCell.xib */ = {isa = PBXFileReference; lastKnownFileType = file.xib; path = SearchResultCell.xib; sourceTree = "<group>"; };
		6E1E0C492407E1A2004CF805 /* SearchResultCell.swift */ = {isa = PBXFileReference; lastKnownFileType = sourcecode.swift; path = SearchResultCell.swift; sourceTree = "<group>"; };
		6EAF297E2406C37A00F8F858 /* StoreSearch.app */ = {isa = PBXFileReference; explicitFileType = wrapper.application; includeInIndex = 0; path = StoreSearch.app; sourceTree = BUILT_PRODUCTS_DIR; };
		6EAF29812406C37A00F8F858 /* AppDelegate.swift */ = {isa = PBXFileReference; lastKnownFileType = sourcecode.swift; path = AppDelegate.swift; sourceTree = "<group>"; };
		6EAF29832406C37A00F8F858 /* SceneDelegate.swift */ = {isa = PBXFileReference; lastKnownFileType = sourcecode.swift; path = SceneDelegate.swift; sourceTree = "<group>"; };
		6EAF29852406C37A00F8F858 /* SearchViewController.swift */ = {isa = PBXFileReference; lastKnownFileType = sourcecode.swift; path = SearchViewController.swift; sourceTree = "<group>"; };
		6EAF29882406C37A00F8F858 /* Base */ = {isa = PBXFileReference; lastKnownFileType = file.storyboard; name = Base; path = Base.lproj/Main.storyboard; sourceTree = "<group>"; };
		6EAF298A2406C37B00F8F858 /* Assets.xcassets */ = {isa = PBXFileReference; lastKnownFileType = folder.assetcatalog; path = Assets.xcassets; sourceTree = "<group>"; };
		6EAF298D2406C37B00F8F858 /* Base */ = {isa = PBXFileReference; lastKnownFileType = file.storyboard; name = Base; path = Base.lproj/LaunchScreen.storyboard; sourceTree = "<group>"; };
		6EAF298F2406C37B00F8F858 /* Info.plist */ = {isa = PBXFileReference; lastKnownFileType = text.plist.xml; path = Info.plist; sourceTree = "<group>"; };
		6EF21E94240813DD00974333 /* NothingFoundCell.xib */ = {isa = PBXFileReference; lastKnownFileType = file.xib; path = NothingFoundCell.xib; sourceTree = "<group>"; };
/* End PBXFileReference section */

/* Begin PBXFrameworksBuildPhase section */
		6EAF297B2406C37900F8F858 /* Frameworks */ = {
			isa = PBXFrameworksBuildPhase;
			buildActionMask = 2147483647;
			files = (
			);
			runOnlyForDeploymentPostprocessing = 0;
		};
/* End PBXFrameworksBuildPhase section */

/* Begin PBXGroup section */
		6EAF29752406C37900F8F858 = {
			isa = PBXGroup;
			children = (
				6EAF29802406C37A00F8F858 /* StoreSearch */,
				6EAF297F2406C37A00F8F858 /* Products */,
			);
			sourceTree = "<group>";
		};
		6EAF297F2406C37A00F8F858 /* Products */ = {
			isa = PBXGroup;
			children = (
				6EAF297E2406C37A00F8F858 /* StoreSearch.app */,
			);
			name = Products;
			sourceTree = "<group>";
		};
		6EAF29802406C37A00F8F858 /* StoreSearch */ = {
			isa = PBXGroup;
			children = (
				6EAF29812406C37A00F8F858 /* AppDelegate.swift */,
				6EAF29832406C37A00F8F858 /* SceneDelegate.swift */,
				6EAF29852406C37A00F8F858 /* SearchViewController.swift */,
				6EAF29872406C37A00F8F858 /* Main.storyboard */,
				6EAF298A2406C37B00F8F858 /* Assets.xcassets */,
				6EAF298C2406C37B00F8F858 /* LaunchScreen.storyboard */,
				6EAF298F2406C37B00F8F858 /* Info.plist */,
				6E1E0C452407CCAF004CF805 /* SearchResult.swift */,
				6E1E0C472407D6CF004CF805 /* SearchResultCell.xib */,
				6E1E0C492407E1A2004CF805 /* SearchResultCell.swift */,
				6EF21E94240813DD00974333 /* NothingFoundCell.xib */,
			);
			path = StoreSearch;
			sourceTree = "<group>";
		};
/* End PBXGroup section */

/* Begin PBXNativeTarget section */
		6EAF297D2406C37900F8F858 /* StoreSearch */ = {
			isa = PBXNativeTarget;
			buildConfigurationList = 6EAF29922406C37B00F8F858 /* Build configuration list for PBXNativeTarget "StoreSearch" */;
			buildPhases = (
				6EAF297A2406C37900F8F858 /* Sources */,
				6EAF297B2406C37900F8F858 /* Frameworks */,
				6EAF297C2406C37900F8F858 /* Resources */,
			);
			buildRules = (
			);
			dependencies = (
			);
			name = StoreSearch;
			productName = StoreSearch;
			productReference = 6EAF297E2406C37A00F8F858 /* StoreSearch.app */;
			productType = "com.apple.product-type.application";
		};
/* End PBXNativeTarget section */

/* Begin PBXProject section */
		6EAF29762406C37900F8F858 /* Project object */ = {
			isa = PBXProject;
			attributes = {
				LastSwiftUpdateCheck = 1130;
				LastUpgradeCheck = 1130;
				ORGANIZATIONNAME = DaoVuDat;
				TargetAttributes = {
					6EAF297D2406C37900F8F858 = {
						CreatedOnToolsVersion = 11.3.1;
					};
				};
			};
			buildConfigurationList = 6EAF29792406C37900F8F858 /* Build configuration list for PBXProject "StoreSearch" */;
			compatibilityVersion = "Xcode 9.3";
			developmentRegion = en;
			hasScannedForEncodings = 0;
			knownRegions = (
				en,
				Base,
			);
			mainGroup = 6EAF29752406C37900F8F858;
			productRefGroup = 6EAF297F2406C37A00F8F858 /* Products */;
			projectDirPath = "";
			projectRoot = "";
			targets = (
				6EAF297D2406C37900F8F858 /* StoreSearch */,
			);
		};
/* End PBXProject section */

/* Begin PBXResourcesBuildPhase section */
		6EAF297C2406C37900F8F858 /* Resources */ = {
			isa = PBXResourcesBuildPhase;
			buildActionMask = 2147483647;
			files = (
				6EAF298E2406C37B00F8F858 /* LaunchScreen.storyboard in Resources */,
				6EAF298B2406C37B00F8F858 /* Assets.xcassets in Resources */,
				6E1E0C482407D6CF004CF805 /* SearchResultCell.xib in Resources */,
				6EF21E95240813DD00974333 /* NothingFoundCell.xib in Resources */,
				6EAF29892406C37A00F8F858 /* Main.storyboard in Resources */,
			);
			runOnlyForDeploymentPostprocessing = 0;
		};
/* End PBXResourcesBuildPhase section */

/* Begin PBXSourcesBuildPhase section */
		6EAF297A2406C37900F8F858 /* Sources */ = {
			isa = PBXSourcesBuildPhase;
			buildActionMask = 2147483647;
			files = (
				6EAF29862406C37A00F8F858 /* SearchViewController.swift in Sources */,
				6EAF29822406C37A00F8F858 /* AppDelegate.swift in Sources */,
				6E1E0C462407CCAF004CF805 /* SearchResult.swift in Sources */,
				6EAF29842406C37A00F8F858 /* SceneDelegate.swift in Sources */,
				6E1E0C4A2407E1A2004CF805 /* SearchResultCell.swift in Sources */,
			);
			runOnlyForDeploymentPostprocessing = 0;
		};
/* End PBXSourcesBuildPhase section */

/* Begin PBXVariantGroup section */
		6EAF29872406C37A00F8F858 /* Main.storyboard */ = {
			isa = PBXVariantGroup;
			children = (
				6EAF29882406C37A00F8F858 /* Base */,
			);
			name = Main.storyboard;
			sourceTree = "<group>";
		};
		6EAF298C2406C37B00F8F858 /* LaunchScreen.storyboard */ = {
			isa = PBXVariantGroup;
			children = (
				6EAF298D2406C37B00F8F858 /* Base */,
			);
			name = LaunchScreen.storyboard;
			sourceTree = "<group>";
		};
/* End PBXVariantGroup section */

/* Begin XCBuildConfiguration section */
		6EAF29902406C37B00F8F858 /* Debug */ = {
			isa = XCBuildConfiguration;
			buildSettings = {
				ALWAYS_SEARCH_USER_PATHS = NO;
				CLANG_ANALYZER_NONNULL = YES;
				CLANG_ANALYZER_NUMBER_OBJECT_CONVERSION = YES_AGGRESSIVE;
				CLANG_CXX_LANGUAGE_STANDARD = "gnu++14";
				CLANG_CXX_LIBRARY = "libc++";
				CLANG_ENABLE_MODULES = YES;
				CLANG_ENABLE_OBJC_ARC = YES;
				CLANG_ENABLE_OBJC_WEAK = YES;
				CLANG_WARN_BLOCK_CAPTURE_AUTORELEASING = YES;
				CLANG_WARN_BOOL_CONVERSION = YES;
				CLANG_WARN_COMMA = YES;
				CLANG_WARN_CONSTANT_CONVERSION = YES;
				CLANG_WARN_DEPRECATED_OBJC_IMPLEMENTATIONS = YES;
				CLANG_WARN_DIRECT_OBJC_ISA_USAGE = YES_ERROR;
				CLANG_WARN_DOCUMENTATION_COMMENTS = YES;
				CLANG_WARN_EMPTY_BODY = YES;
				CLANG_WARN_ENUM_CONVERSION = YES;
				CLANG_WARN_INFINITE_RECURSION = YES;
				CLANG_WARN_INT_CONVERSION = YES;
				CLANG_WARN_NON_LITERAL_NULL_CONVERSION = YES;
				CLANG_WARN_OBJC_IMPLICIT_RETAIN_SELF = YES;
				CLANG_WARN_OBJC_LITERAL_CONVERSION = YES;
				CLANG_WARN_OBJC_ROOT_CLASS = YES_ERROR;
				CLANG_WARN_RANGE_LOOP_ANALYSIS = YES;
				CLANG_WARN_STRICT_PROTOTYPES = YES;
				CLANG_WARN_SUSPICIOUS_MOVE = YES;
				CLANG_WARN_UNGUARDED_AVAILABILITY = YES_AGGRESSIVE;
				CLANG_WARN_UNREACHABLE_CODE = YES;
				CLANG_WARN__DUPLICATE_METHOD_MATCH = YES;
				COPY_PHASE_STRIP = NO;
				DEBUG_INFORMATION_FORMAT = dwarf;
				ENABLE_STRICT_OBJC_MSGSEND = YES;
				ENABLE_TESTABILITY = YES;
				GCC_C_LANGUAGE_STANDARD = gnu11;
				GCC_DYNAMIC_NO_PIC = NO;
				GCC_NO_COMMON_BLOCKS = YES;
				GCC_OPTIMIZATION_LEVEL = 0;
				GCC_PREPROCESSOR_DEFINITIONS = (
					"DEBUG=1",
					"$(inherited)",
				);
				GCC_WARN_64_TO_32_BIT_CONVERSION = YES;
				GCC_WARN_ABOUT_RETURN_TYPE = YES_ERROR;
				GCC_WARN_UNDECLARED_SELECTOR = YES;
				GCC_WARN_UNINITIALIZED_AUTOS = YES_AGGRESSIVE;
				GCC_WARN_UNUSED_FUNCTION = YES;
				GCC_WARN_UNUSED_VARIABLE = YES;
				IPHONEOS_DEPLOYMENT_TARGET = 13.2;
				MTL_ENABLE_DEBUG_INFO = INCLUDE_SOURCE;
				MTL_FAST_MATH = YES;
				ONLY_ACTIVE_ARCH = YES;
				SDKROOT = iphoneos;
				SWIFT_ACTIVE_COMPILATION_CONDITIONS = DEBUG;
				SWIFT_OPTIMIZATION_LEVEL = "-Onone";
			};
			name = Debug;
		};
		6EAF29912406C37B00F8F858 /* Release */ = {
			isa = XCBuildConfiguration;
			buildSettings = {
				ALWAYS_SEARCH_USER_PATHS = NO;
				CLANG_ANALYZER_NONNULL = YES;
				CLANG_ANALYZER_NUMBER_OBJECT_CONVERSION = YES_AGGRESSIVE;
				CLANG_CXX_LANGUAGE_STANDARD = "gnu++14";
				CLANG_CXX_LIBRARY = "libc++";
				CLANG_ENABLE_MODULES = YES;
				CLANG_ENABLE_OBJC_ARC = YES;
				CLANG_ENABLE_OBJC_WEAK = YES;
				CLANG_WARN_BLOCK_CAPTURE_AUTORELEASING = YES;
				CLANG_WARN_BOOL_CONVERSION = YES;
				CLANG_WARN_COMMA = YES;
				CLANG_WARN_CONSTANT_CONVERSION = YES;
				CLANG_WARN_DEPRECATED_OBJC_IMPLEMENTATIONS = YES;
				CLANG_WARN_DIRECT_OBJC_ISA_USAGE = YES_ERROR;
				CLANG_WARN_DOCUMENTATION_COMMENTS = YES;
				CLANG_WARN_EMPTY_BODY = YES;
				CLANG_WARN_ENUM_CONVERSION = YES;
				CLANG_WARN_INFINITE_RECURSION = YES;
				CLANG_WARN_INT_CONVERSION = YES;
				CLANG_WARN_NON_LITERAL_NULL_CONVERSION = YES;
				CLANG_WARN_OBJC_IMPLICIT_RETAIN_SELF = YES;
				CLANG_WARN_OBJC_LITERAL_CONVERSION = YES;
				CLANG_WARN_OBJC_ROOT_CLASS = YES_ERROR;
				CLANG_WARN_RANGE_LOOP_ANALYSIS = YES;
				CLANG_WARN_STRICT_PROTOTYPES = YES;
				CLANG_WARN_SUSPICIOUS_MOVE = YES;
				CLANG_WARN_UNGUARDED_AVAILABILITY = YES_AGGRESSIVE;
				CLANG_WARN_UNREACHABLE_CODE = YES;
				CLANG_WARN__DUPLICATE_METHOD_MATCH = YES;
				COPY_PHASE_STRIP = NO;
				DEBUG_INFORMATION_FORMAT = "dwarf-with-dsym";
				ENABLE_NS_ASSERTIONS = NO;
				ENABLE_STRICT_OBJC_MSGSEND = YES;
				GCC_C_LANGUAGE_STANDARD = gnu11;
				GCC_NO_COMMON_BLOCKS = YES;
				GCC_WARN_64_TO_32_BIT_CONVERSION = YES;
				GCC_WARN_ABOUT_RETURN_TYPE = YES_ERROR;
				GCC_WARN_UNDECLARED_SELECTOR = YES;
				GCC_WARN_UNINITIALIZED_AUTOS = YES_AGGRESSIVE;
				GCC_WARN_UNUSED_FUNCTION = YES;
				GCC_WARN_UNUSED_VARIABLE = YES;
				IPHONEOS_DEPLOYMENT_TARGET = 13.2;
				MTL_ENABLE_DEBUG_INFO = NO;
				MTL_FAST_MATH = YES;
				SDKROOT = iphoneos;
				SWIFT_COMPILATION_MODE = wholemodule;
				SWIFT_OPTIMIZATION_LEVEL = "-O";
				VALIDATE_PRODUCT = YES;
			};
			name = Release;
		};
		6EAF29932406C37B00F8F858 /* Debug */ = {
			isa = XCBuildConfiguration;
			buildSettings = {
				ASSETCATALOG_COMPILER_APPICON_NAME = AppIcon;
				CODE_SIGN_STYLE = Automatic;
				DEVELOPMENT_TEAM = 6XD2L2848R;
				INFOPLIST_FILE = StoreSearch/Info.plist;
				LD_RUNPATH_SEARCH_PATHS = (
					"$(inherited)",
					"@executable_path/Frameworks",
				);
				PRODUCT_BUNDLE_IDENTIFIER = com.strongmancompany.StoreSearch;
				PRODUCT_NAME = "$(TARGET_NAME)";
				SWIFT_VERSION = 5.0;
				TARGETED_DEVICE_FAMILY = "1,2";
			};
			name = Debug;
		};
		6EAF29942406C37B00F8F858 /* Release */ = {
			isa = XCBuildConfiguration;
			buildSettings = {
				ASSETCATALOG_COMPILER_APPICON_NAME = AppIcon;
				CODE_SIGN_STYLE = Automatic;
				DEVELOPMENT_TEAM = 6XD2L2848R;
				INFOPLIST_FILE = StoreSearch/Info.plist;
				LD_RUNPATH_SEARCH_PATHS = (
					"$(inherited)",
					"@executable_path/Frameworks",
				);
				PRODUCT_BUNDLE_IDENTIFIER = com.strongmancompany.StoreSearch;
				PRODUCT_NAME = "$(TARGET_NAME)";
				SWIFT_VERSION = 5.0;
				TARGETED_DEVICE_FAMILY = "1,2";
			};
			name = Release;
		};
/* End XCBuildConfiguration section */

/* Begin XCConfigurationList section */
		6EAF29792406C37900F8F858 /* Build configuration list for PBXProject "StoreSearch" */ = {
			isa = XCConfigurationList;
			buildConfigurations = (
				6EAF29902406C37B00F8F858 /* Debug */,
				6EAF29912406C37B00F8F858 /* Release */,
			);
			defaultConfigurationIsVisible = 0;
			defaultConfigurationName = Release;
		};
		6EAF29922406C37B00F8F858 /* Build configuration list for PBXNativeTarget "StoreSearch" */ = {
			isa = XCConfigurationList;
			buildConfigurations = (
				6EAF29932406C37B00F8F858 /* Debug */,
				6EAF29942406C37B00F8F858 /* Release */,
			);
			defaultConfigurationIsVisible = 0;
			defaultConfigurationName = Release;
		};
/* End XCConfigurationList section */
	};
	rootObject = 6EAF29762406C37900F8F858 /* Project object */;
}
